// !$*UTF8*$!
{
	archiveVersion = 1;
	classes = {
	};
	objectVersion = 46;
	objects = {

/* Begin PBXBuildFile section */
		FD5659A218B43B4100C26887 /* BT2T3788.JPG in Resources */ = {isa = PBXBuildFile; fileRef = FD5659A118B43B4100C26887 /* BT2T3788.JPG */; };
		FD5659A418B43B6400C26887 /* CoreImage.framework in Frameworks */ = {isa = PBXBuildFile; fileRef = FD5659A318B43B6400C26887 /* CoreImage.framework */; };
		FDB1BCC218B49B000083697C /* IMGL8036.jpg in Resources */ = {isa = PBXBuildFile; fileRef = FDB1BCC118B49B000083697C /* IMGL8036.jpg */; };
		FDE3F02018ADF305009DA181 /* Foundation.framework in Frameworks */ = {isa = PBXBuildFile; fileRef = FDE3F01F18ADF305009DA181 /* Foundation.framework */; };
		FDE3F02218ADF305009DA181 /* CoreGraphics.framework in Frameworks */ = {isa = PBXBuildFile; fileRef = FDE3F02118ADF305009DA181 /* CoreGraphics.framework */; };
		FDE3F02418ADF305009DA181 /* UIKit.framework in Frameworks */ = {isa = PBXBuildFile; fileRef = FDE3F02318ADF305009DA181 /* UIKit.framework */; };
		FDE3F02A18ADF305009DA181 /* InfoPlist.strings in Resources */ = {isa = PBXBuildFile; fileRef = FDE3F02818ADF305009DA181 /* InfoPlist.strings */; };
		FDE3F02C18ADF305009DA181 /* main.m in Sources */ = {isa = PBXBuildFile; fileRef = FDE3F02B18ADF305009DA181 /* main.m */; };
		FDE3F03018ADF305009DA181 /* AppDelegate.m in Sources */ = {isa = PBXBuildFile; fileRef = FDE3F02F18ADF305009DA181 /* AppDelegate.m */; };
		FDE3F03318ADF305009DA181 /* Main_iPhone.storyboard in Resources */ = {isa = PBXBuildFile; fileRef = FDE3F03118ADF305009DA181 /* Main_iPhone.storyboard */; };
		FDE3F03618ADF305009DA181 /* Main_iPad.storyboard in Resources */ = {isa = PBXBuildFile; fileRef = FDE3F03418ADF305009DA181 /* Main_iPad.storyboard */; };
		FDE3F03918ADF305009DA181 /* ViewController.m in Sources */ = {isa = PBXBuildFile; fileRef = FDE3F03818ADF305009DA181 /* ViewController.m */; };
		FDE3F03B18ADF305009DA181 /* Images.xcassets in Resources */ = {isa = PBXBuildFile; fileRef = FDE3F03A18ADF305009DA181 /* Images.xcassets */; };
		FDE3F04218ADF305009DA181 /* XCTest.framework in Frameworks */ = {isa = PBXBuildFile; fileRef = FDE3F04118ADF305009DA181 /* XCTest.framework */; };
		FDE3F04318ADF305009DA181 /* Foundation.framework in Frameworks */ = {isa = PBXBuildFile; fileRef = FDE3F01F18ADF305009DA181 /* Foundation.framework */; };
		FDE3F04418ADF305009DA181 /* UIKit.framework in Frameworks */ = {isa = PBXBuildFile; fileRef = FDE3F02318ADF305009DA181 /* UIKit.framework */; };
		FDE3F04C18ADF305009DA181 /* InfoPlist.strings in Resources */ = {isa = PBXBuildFile; fileRef = FDE3F04A18ADF305009DA181 /* InfoPlist.strings */; };
		FDE3F04E18ADF305009DA181 /* FashionTests.m in Sources */ = {isa = PBXBuildFile; fileRef = FDE3F04D18ADF305009DA181 /* FashionTests.m */; };
		FDE3F05918ADF38F009DA181 /* FBLogin.m in Sources */ = {isa = PBXBuildFile; fileRef = FDE3F05818ADF38F009DA181 /* FBLogin.m */; };
		FDE3F06E18ADF631009DA181 /* AFHTTPRequestOperation.m in Sources */ = {isa = PBXBuildFile; fileRef = FDE3F05C18ADF631009DA181 /* AFHTTPRequestOperation.m */; };
		FDE3F06F18ADF631009DA181 /* AFHTTPRequestOperationManager.m in Sources */ = {isa = PBXBuildFile; fileRef = FDE3F05E18ADF631009DA181 /* AFHTTPRequestOperationManager.m */; };
		FDE3F07018ADF631009DA181 /* AFHTTPSessionManager.m in Sources */ = {isa = PBXBuildFile; fileRef = FDE3F06018ADF631009DA181 /* AFHTTPSessionManager.m */; };
		FDE3F07118ADF631009DA181 /* AFNetworkReachabilityManager.m in Sources */ = {isa = PBXBuildFile; fileRef = FDE3F06318ADF631009DA181 /* AFNetworkReachabilityManager.m */; };
		FDE3F07218ADF631009DA181 /* AFSecurityPolicy.m in Sources */ = {isa = PBXBuildFile; fileRef = FDE3F06518ADF631009DA181 /* AFSecurityPolicy.m */; };
		FDE3F07318ADF631009DA181 /* AFURLConnectionOperation.m in Sources */ = {isa = PBXBuildFile; fileRef = FDE3F06718ADF631009DA181 /* AFURLConnectionOperation.m */; };
		FDE3F07418ADF631009DA181 /* AFURLRequestSerialization.m in Sources */ = {isa = PBXBuildFile; fileRef = FDE3F06918ADF631009DA181 /* AFURLRequestSerialization.m */; };
		FDE3F07518ADF631009DA181 /* AFURLResponseSerialization.m in Sources */ = {isa = PBXBuildFile; fileRef = FDE3F06B18ADF631009DA181 /* AFURLResponseSerialization.m */; };
		FDE3F07618ADF631009DA181 /* AFURLSessionManager.m in Sources */ = {isa = PBXBuildFile; fileRef = FDE3F06D18ADF631009DA181 /* AFURLSessionManager.m */; };
		FDE3F08918ADF641009DA181 /* AFNetworkActivityIndicatorManager.m in Sources */ = {isa = PBXBuildFile; fileRef = FDE3F07918ADF641009DA181 /* AFNetworkActivityIndicatorManager.m */; };
		FDE3F08A18ADF641009DA181 /* UIActivityIndicatorView+AFNetworking.m in Sources */ = {isa = PBXBuildFile; fileRef = FDE3F07B18ADF641009DA181 /* UIActivityIndicatorView+AFNetworking.m */; };
		FDE3F08B18ADF641009DA181 /* UIAlertView+AFNetworking.m in Sources */ = {isa = PBXBuildFile; fileRef = FDE3F07D18ADF641009DA181 /* UIAlertView+AFNetworking.m */; };
		FDE3F08C18ADF641009DA181 /* UIButton+AFNetworking.m in Sources */ = {isa = PBXBuildFile; fileRef = FDE3F07F18ADF641009DA181 /* UIButton+AFNetworking.m */; };
		FDE3F08D18ADF641009DA181 /* UIImageView+AFNetworking.m in Sources */ = {isa = PBXBuildFile; fileRef = FDE3F08118ADF641009DA181 /* UIImageView+AFNetworking.m */; };
		FDE3F08E18ADF641009DA181 /* UIProgressView+AFNetworking.m in Sources */ = {isa = PBXBuildFile; fileRef = FDE3F08418ADF641009DA181 /* UIProgressView+AFNetworking.m */; };
		FDE3F08F18ADF641009DA181 /* UIRefreshControl+AFNetworking.m in Sources */ = {isa = PBXBuildFile; fileRef = FDE3F08618ADF641009DA181 /* UIRefreshControl+AFNetworking.m */; };
		FDE3F09018ADF641009DA181 /* UIWebView+AFNetworking.m in Sources */ = {isa = PBXBuildFile; fileRef = FDE3F08818ADF641009DA181 /* UIWebView+AFNetworking.m */; };
		FDE3F09218ADF881009DA181 /* CoreLocation.framework in Frameworks */ = {isa = PBXBuildFile; fileRef = FDE3F09118ADF881009DA181 /* CoreLocation.framework */; };
		FDE3F09418AE1504009DA181 /* FacebookSDK.framework in Frameworks */ = {isa = PBXBuildFile; fileRef = FDE3F09318AE1504009DA181 /* FacebookSDK.framework */; };
/* End PBXBuildFile section */

/* Begin PBXContainerItemProxy section */
		FDE3F04518ADF305009DA181 /* PBXContainerItemProxy */ = {
			isa = PBXContainerItemProxy;
			containerPortal = FDE3F01418ADF305009DA181 /* Project object */;
			proxyType = 1;
			remoteGlobalIDString = FDE3F01B18ADF305009DA181;
			remoteInfo = Fashion;
		};
/* End PBXContainerItemProxy section */

/* Begin PBXFileReference section */
		FD5659A118B43B4100C26887 /* BT2T3788.JPG */ = {isa = PBXFileReference; lastKnownFileType = image.jpeg; name = BT2T3788.JPG; path = ../BT2T3788.JPG; sourceTree = "<group>"; };
		FD5659A318B43B6400C26887 /* CoreImage.framework */ = {isa = PBXFileReference; lastKnownFileType = wrapper.framework; name = CoreImage.framework; path = System/Library/Frameworks/CoreImage.framework; sourceTree = SDKROOT; };
		FDB1BCC118B49B000083697C /* IMGL8036.jpg */ = {isa = PBXFileReference; lastKnownFileType = image.jpeg; path = IMGL8036.jpg; sourceTree = "<group>"; };
		FDE3F01C18ADF305009DA181 /* Fashion.app */ = {isa = PBXFileReference; explicitFileType = wrapper.application; includeInIndex = 0; path = Fashion.app; sourceTree = BUILT_PRODUCTS_DIR; };
		FDE3F01F18ADF305009DA181 /* Foundation.framework */ = {isa = PBXFileReference; lastKnownFileType = wrapper.framework; name = Foundation.framework; path = System/Library/Frameworks/Foundation.framework; sourceTree = SDKROOT; };
		FDE3F02118ADF305009DA181 /* CoreGraphics.framework */ = {isa = PBXFileReference; lastKnownFileType = wrapper.framework; name = CoreGraphics.framework; path = System/Library/Frameworks/CoreGraphics.framework; sourceTree = SDKROOT; };
		FDE3F02318ADF305009DA181 /* UIKit.framework */ = {isa = PBXFileReference; lastKnownFileType = wrapper.framework; name = UIKit.framework; path = System/Library/Frameworks/UIKit.framework; sourceTree = SDKROOT; };
		FDE3F02718ADF305009DA181 /* Fashion-Info.plist */ = {isa = PBXFileReference; lastKnownFileType = text.plist.xml; path = "Fashion-Info.plist"; sourceTree = "<group>"; };
		FDE3F02918ADF305009DA181 /* en */ = {isa = PBXFileReference; lastKnownFileType = text.plist.strings; name = en; path = en.lproj/InfoPlist.strings; sourceTree = "<group>"; };
		FDE3F02B18ADF305009DA181 /* main.m */ = {isa = PBXFileReference; lastKnownFileType = sourcecode.c.objc; path = main.m; sourceTree = "<group>"; };
		FDE3F02D18ADF305009DA181 /* Fashion-Prefix.pch */ = {isa = PBXFileReference; lastKnownFileType = sourcecode.c.h; path = "Fashion-Prefix.pch"; sourceTree = "<group>"; };
		FDE3F02E18ADF305009DA181 /* AppDelegate.h */ = {isa = PBXFileReference; lastKnownFileType = sourcecode.c.h; path = AppDelegate.h; sourceTree = "<group>"; };
		FDE3F02F18ADF305009DA181 /* AppDelegate.m */ = {isa = PBXFileReference; lastKnownFileType = sourcecode.c.objc; path = AppDelegate.m; sourceTree = "<group>"; };
		FDE3F03218ADF305009DA181 /* Base */ = {isa = PBXFileReference; lastKnownFileType = file.storyboard; name = Base; path = Base.lproj/Main_iPhone.storyboard; sourceTree = "<group>"; };
		FDE3F03518ADF305009DA181 /* Base */ = {isa = PBXFileReference; lastKnownFileType = file.storyboard; name = Base; path = Base.lproj/Main_iPad.storyboard; sourceTree = "<group>"; };
		FDE3F03718ADF305009DA181 /* ViewController.h */ = {isa = PBXFileReference; lastKnownFileType = sourcecode.c.h; path = ViewController.h; sourceTree = "<group>"; };
		FDE3F03818ADF305009DA181 /* ViewController.m */ = {isa = PBXFileReference; lastKnownFileType = sourcecode.c.objc; path = ViewController.m; sourceTree = "<group>"; };
		FDE3F03A18ADF305009DA181 /* Images.xcassets */ = {isa = PBXFileReference; lastKnownFileType = folder.assetcatalog; path = Images.xcassets; sourceTree = "<group>"; };
		FDE3F04018ADF305009DA181 /* FashionTests.xctest */ = {isa = PBXFileReference; explicitFileType = wrapper.cfbundle; includeInIndex = 0; path = FashionTests.xctest; sourceTree = BUILT_PRODUCTS_DIR; };
		FDE3F04118ADF305009DA181 /* XCTest.framework */ = {isa = PBXFileReference; lastKnownFileType = wrapper.framework; name = XCTest.framework; path = Library/Frameworks/XCTest.framework; sourceTree = DEVELOPER_DIR; };
		FDE3F04918ADF305009DA181 /* FashionTests-Info.plist */ = {isa = PBXFileReference; lastKnownFileType = text.plist.xml; path = "FashionTests-Info.plist"; sourceTree = "<group>"; };
		FDE3F04B18ADF305009DA181 /* en */ = {isa = PBXFileReference; lastKnownFileType = text.plist.strings; name = en; path = en.lproj/InfoPlist.strings; sourceTree = "<group>"; };
		FDE3F04D18ADF305009DA181 /* FashionTests.m */ = {isa = PBXFileReference; lastKnownFileType = sourcecode.c.objc; path = FashionTests.m; sourceTree = "<group>"; };
		FDE3F05718ADF38F009DA181 /* FBLogin.h */ = {isa = PBXFileReference; fileEncoding = 4; lastKnownFileType = sourcecode.c.h; path = FBLogin.h; sourceTree = "<group>"; };
		FDE3F05818ADF38F009DA181 /* FBLogin.m */ = {isa = PBXFileReference; fileEncoding = 4; lastKnownFileType = sourcecode.c.objc; path = FBLogin.m; sourceTree = "<group>"; };
		FDE3F05B18ADF631009DA181 /* AFHTTPRequestOperation.h */ = {isa = PBXFileReference; fileEncoding = 4; lastKnownFileType = sourcecode.c.h; path = AFHTTPRequestOperation.h; sourceTree = "<group>"; };
		FDE3F05C18ADF631009DA181 /* AFHTTPRequestOperation.m */ = {isa = PBXFileReference; fileEncoding = 4; lastKnownFileType = sourcecode.c.objc; path = AFHTTPRequestOperation.m; sourceTree = "<group>"; };
		FDE3F05D18ADF631009DA181 /* AFHTTPRequestOperationManager.h */ = {isa = PBXFileReference; fileEncoding = 4; lastKnownFileType = sourcecode.c.h; path = AFHTTPRequestOperationManager.h; sourceTree = "<group>"; };
		FDE3F05E18ADF631009DA181 /* AFHTTPRequestOperationManager.m */ = {isa = PBXFileReference; fileEncoding = 4; lastKnownFileType = sourcecode.c.objc; path = AFHTTPRequestOperationManager.m; sourceTree = "<group>"; };
		FDE3F05F18ADF631009DA181 /* AFHTTPSessionManager.h */ = {isa = PBXFileReference; fileEncoding = 4; lastKnownFileType = sourcecode.c.h; path = AFHTTPSessionManager.h; sourceTree = "<group>"; };
		FDE3F06018ADF631009DA181 /* AFHTTPSessionManager.m */ = {isa = PBXFileReference; fileEncoding = 4; lastKnownFileType = sourcecode.c.objc; path = AFHTTPSessionManager.m; sourceTree = "<group>"; };
		FDE3F06118ADF631009DA181 /* AFNetworking.h */ = {isa = PBXFileReference; fileEncoding = 4; lastKnownFileType = sourcecode.c.h; path = AFNetworking.h; sourceTree = "<group>"; };
		FDE3F06218ADF631009DA181 /* AFNetworkReachabilityManager.h */ = {isa = PBXFileReference; fileEncoding = 4; lastKnownFileType = sourcecode.c.h; path = AFNetworkReachabilityManager.h; sourceTree = "<group>"; };
		FDE3F06318ADF631009DA181 /* AFNetworkReachabilityManager.m */ = {isa = PBXFileReference; fileEncoding = 4; lastKnownFileType = sourcecode.c.objc; path = AFNetworkReachabilityManager.m; sourceTree = "<group>"; };
		FDE3F06418ADF631009DA181 /* AFSecurityPolicy.h */ = {isa = PBXFileReference; fileEncoding = 4; lastKnownFileType = sourcecode.c.h; path = AFSecurityPolicy.h; sourceTree = "<group>"; };
		FDE3F06518ADF631009DA181 /* AFSecurityPolicy.m */ = {isa = PBXFileReference; fileEncoding = 4; lastKnownFileType = sourcecode.c.objc; path = AFSecurityPolicy.m; sourceTree = "<group>"; };
		FDE3F06618ADF631009DA181 /* AFURLConnectionOperation.h */ = {isa = PBXFileReference; fileEncoding = 4; lastKnownFileType = sourcecode.c.h; path = AFURLConnectionOperation.h; sourceTree = "<group>"; };
		FDE3F06718ADF631009DA181 /* AFURLConnectionOperation.m */ = {isa = PBXFileReference; fileEncoding = 4; lastKnownFileType = sourcecode.c.objc; path = AFURLConnectionOperation.m; sourceTree = "<group>"; };
		FDE3F06818ADF631009DA181 /* AFURLRequestSerialization.h */ = {isa = PBXFileReference; fileEncoding = 4; lastKnownFileType = sourcecode.c.h; path = AFURLRequestSerialization.h; sourceTree = "<group>"; };
		FDE3F06918ADF631009DA181 /* AFURLRequestSerialization.m */ = {isa = PBXFileReference; fileEncoding = 4; lastKnownFileType = sourcecode.c.objc; path = AFURLRequestSerialization.m; sourceTree = "<group>"; };
		FDE3F06A18ADF631009DA181 /* AFURLResponseSerialization.h */ = {isa = PBXFileReference; fileEncoding = 4; lastKnownFileType = sourcecode.c.h; path = AFURLResponseSerialization.h; sourceTree = "<group>"; };
		FDE3F06B18ADF631009DA181 /* AFURLResponseSerialization.m */ = {isa = PBXFileReference; fileEncoding = 4; lastKnownFileType = sourcecode.c.objc; path = AFURLResponseSerialization.m; sourceTree = "<group>"; };
		FDE3F06C18ADF631009DA181 /* AFURLSessionManager.h */ = {isa = PBXFileReference; fileEncoding = 4; lastKnownFileType = sourcecode.c.h; path = AFURLSessionManager.h; sourceTree = "<group>"; };
		FDE3F06D18ADF631009DA181 /* AFURLSessionManager.m */ = {isa = PBXFileReference; fileEncoding = 4; lastKnownFileType = sourcecode.c.objc; path = AFURLSessionManager.m; sourceTree = "<group>"; };
		FDE3F07818ADF641009DA181 /* AFNetworkActivityIndicatorManager.h */ = {isa = PBXFileReference; fileEncoding = 4; lastKnownFileType = sourcecode.c.h; path = AFNetworkActivityIndicatorManager.h; sourceTree = "<group>"; };
		FDE3F07918ADF641009DA181 /* AFNetworkActivityIndicatorManager.m */ = {isa = PBXFileReference; fileEncoding = 4; lastKnownFileType = sourcecode.c.objc; path = AFNetworkActivityIndicatorManager.m; sourceTree = "<group>"; };
		FDE3F07A18ADF641009DA181 /* UIActivityIndicatorView+AFNetworking.h */ = {isa = PBXFileReference; fileEncoding = 4; lastKnownFileType = sourcecode.c.h; path = "UIActivityIndicatorView+AFNetworking.h"; sourceTree = "<group>"; };
		FDE3F07B18ADF641009DA181 /* UIActivityIndicatorView+AFNetworking.m */ = {isa = PBXFileReference; fileEncoding = 4; lastKnownFileType = sourcecode.c.objc; path = "UIActivityIndicatorView+AFNetworking.m"; sourceTree = "<group>"; };
		FDE3F07C18ADF641009DA181 /* UIAlertView+AFNetworking.h */ = {isa = PBXFileReference; fileEncoding = 4; lastKnownFileType = sourcecode.c.h; path = "UIAlertView+AFNetworking.h"; sourceTree = "<group>"; };
		FDE3F07D18ADF641009DA181 /* UIAlertView+AFNetworking.m */ = {isa = PBXFileReference; fileEncoding = 4; lastKnownFileType = sourcecode.c.objc; path = "UIAlertView+AFNetworking.m"; sourceTree = "<group>"; };
		FDE3F07E18ADF641009DA181 /* UIButton+AFNetworking.h */ = {isa = PBXFileReference; fileEncoding = 4; lastKnownFileType = sourcecode.c.h; path = "UIButton+AFNetworking.h"; sourceTree = "<group>"; };
		FDE3F07F18ADF641009DA181 /* UIButton+AFNetworking.m */ = {isa = PBXFileReference; fileEncoding = 4; lastKnownFileType = sourcecode.c.objc; path = "UIButton+AFNetworking.m"; sourceTree = "<group>"; };
		FDE3F08018ADF641009DA181 /* UIImageView+AFNetworking.h */ = {isa = PBXFileReference; fileEncoding = 4; lastKnownFileType = sourcecode.c.h; path = "UIImageView+AFNetworking.h"; sourceTree = "<group>"; };
		FDE3F08118ADF641009DA181 /* UIImageView+AFNetworking.m */ = {isa = PBXFileReference; fileEncoding = 4; lastKnownFileType = sourcecode.c.objc; path = "UIImageView+AFNetworking.m"; sourceTree = "<group>"; };
		FDE3F08218ADF641009DA181 /* UIKit+AFNetworking.h */ = {isa = PBXFileReference; fileEncoding = 4; lastKnownFileType = sourcecode.c.h; path = "UIKit+AFNetworking.h"; sourceTree = "<group>"; };
		FDE3F08318ADF641009DA181 /* UIProgressView+AFNetworking.h */ = {isa = PBXFileReference; fileEncoding = 4; lastKnownFileType = sourcecode.c.h; path = "UIProgressView+AFNetworking.h"; sourceTree = "<group>"; };
		FDE3F08418ADF641009DA181 /* UIProgressView+AFNetworking.m */ = {isa = PBXFileReference; fileEncoding = 4; lastKnownFileType = sourcecode.c.objc; path = "UIProgressView+AFNetworking.m"; sourceTree = "<group>"; };
		FDE3F08518ADF641009DA181 /* UIRefreshControl+AFNetworking.h */ = {isa = PBXFileReference; fileEncoding = 4; lastKnownFileType = sourcecode.c.h; path = "UIRefreshControl+AFNetworking.h"; sourceTree = "<group>"; };
		FDE3F08618ADF641009DA181 /* UIRefreshControl+AFNetworking.m */ = {isa = PBXFileReference; fileEncoding = 4; lastKnownFileType = sourcecode.c.objc; path = "UIRefreshControl+AFNetworking.m"; sourceTree = "<group>"; };
		FDE3F08718ADF641009DA181 /* UIWebView+AFNetworking.h */ = {isa = PBXFileReference; fileEncoding = 4; lastKnownFileType = sourcecode.c.h; path = "UIWebView+AFNetworking.h"; sourceTree = "<group>"; };
		FDE3F08818ADF641009DA181 /* UIWebView+AFNetworking.m */ = {isa = PBXFileReference; fileEncoding = 4; lastKnownFileType = sourcecode.c.objc; path = "UIWebView+AFNetworking.m"; sourceTree = "<group>"; };
		FDE3F09118ADF881009DA181 /* CoreLocation.framework */ = {isa = PBXFileReference; lastKnownFileType = wrapper.framework; name = CoreLocation.framework; path = System/Library/Frameworks/CoreLocation.framework; sourceTree = SDKROOT; };
		FDE3F09318AE1504009DA181 /* FacebookSDK.framework */ = {isa = PBXFileReference; lastKnownFileType = wrapper.framework; name = FacebookSDK.framework; path = ../../Documents/FacebookSDK/FacebookSDK.framework; sourceTree = "<group>"; };
/* End PBXFileReference section */

/* Begin PBXFrameworksBuildPhase section */
		FDE3F01918ADF305009DA181 /* Frameworks */ = {
			isa = PBXFrameworksBuildPhase;
			buildActionMask = 2147483647;
			files = (
				FDE3F02218ADF305009DA181 /* CoreGraphics.framework in Frameworks */,
				FD5659A418B43B6400C26887 /* CoreImage.framework in Frameworks */,
				FDE3F09418AE1504009DA181 /* FacebookSDK.framework in Frameworks */,
				FDE3F09218ADF881009DA181 /* CoreLocation.framework in Frameworks */,
				FDE3F02418ADF305009DA181 /* UIKit.framework in Frameworks */,
				FDE3F02018ADF305009DA181 /* Foundation.framework in Frameworks */,
			);
			runOnlyForDeploymentPostprocessing = 0;
		};
		FDE3F03D18ADF305009DA181 /* Frameworks */ = {
			isa = PBXFrameworksBuildPhase;
			buildActionMask = 2147483647;
			files = (
				FDE3F04218ADF305009DA181 /* XCTest.framework in Frameworks */,
				FDE3F04418ADF305009DA181 /* UIKit.framework in Frameworks */,
				FDE3F04318ADF305009DA181 /* Foundation.framework in Frameworks */,
			);
			runOnlyForDeploymentPostprocessing = 0;
		};
/* End PBXFrameworksBuildPhase section */

/* Begin PBXGroup section */
		FDE3F01318ADF305009DA181 = {
			isa = PBXGroup;
			children = (
				FDE3F02518ADF305009DA181 /* Fashion */,
				FDE3F04718ADF305009DA181 /* FashionTests */,
				FDE3F01E18ADF305009DA181 /* Frameworks */,
				FDE3F01D18ADF305009DA181 /* Products */,
			);
			sourceTree = "<group>";
		};
		FDE3F01D18ADF305009DA181 /* Products */ = {
			isa = PBXGroup;
			children = (
				FDE3F01C18ADF305009DA181 /* Fashion.app */,
				FDE3F04018ADF305009DA181 /* FashionTests.xctest */,
			);
			name = Products;
			sourceTree = "<group>";
		};
		FDE3F01E18ADF305009DA181 /* Frameworks */ = {
			isa = PBXGroup;
			children = (
				FD5659A318B43B6400C26887 /* CoreImage.framework */,
				FDE3F09318AE1504009DA181 /* FacebookSDK.framework */,
				FDE3F09118ADF881009DA181 /* CoreLocation.framework */,
				FDE3F01F18ADF305009DA181 /* Foundation.framework */,
				FDE3F02118ADF305009DA181 /* CoreGraphics.framework */,
				FDE3F02318ADF305009DA181 /* UIKit.framework */,
				FDE3F04118ADF305009DA181 /* XCTest.framework */,
			);
			name = Frameworks;
			sourceTree = "<group>";
		};
		FDE3F02518ADF305009DA181 /* Fashion */ = {
			isa = PBXGroup;
			children = (
				FDB1BCC118B49B000083697C /* IMGL8036.jpg */,
				FD5659A118B43B4100C26887 /* BT2T3788.JPG */,
				FDE3F07718ADF641009DA181 /* UIKit+AFNetworking */,
				FDE3F05A18ADF631009DA181 /* AFNetworking */,
				FDE3F02E18ADF305009DA181 /* AppDelegate.h */,
				FDE3F02F18ADF305009DA181 /* AppDelegate.m */,
				FDE3F03118ADF305009DA181 /* Main_iPhone.storyboard */,
				FDE3F03418ADF305009DA181 /* Main_iPad.storyboard */,
				FDE3F03718ADF305009DA181 /* ViewController.h */,
				FDE3F03818ADF305009DA181 /* ViewController.m */,
				FDE3F05718ADF38F009DA181 /* FBLogin.h */,
				FDE3F05818ADF38F009DA181 /* FBLogin.m */,
				FDE3F03A18ADF305009DA181 /* Images.xcassets */,
				FDE3F02618ADF305009DA181 /* Supporting Files */,
			);
			path = Fashion;
			sourceTree = "<group>";
		};
		FDE3F02618ADF305009DA181 /* Supporting Files */ = {
			isa = PBXGroup;
			children = (
				FDE3F02718ADF305009DA181 /* Fashion-Info.plist */,
				FDE3F02818ADF305009DA181 /* InfoPlist.strings */,
				FDE3F02B18ADF305009DA181 /* main.m */,
				FDE3F02D18ADF305009DA181 /* Fashion-Prefix.pch */,
			);
			name = "Supporting Files";
			sourceTree = "<group>";
		};
		FDE3F04718ADF305009DA181 /* FashionTests */ = {
			isa = PBXGroup;
			children = (
				FDE3F04D18ADF305009DA181 /* FashionTests.m */,
				FDE3F04818ADF305009DA181 /* Supporting Files */,
			);
			path = FashionTests;
			sourceTree = "<group>";
		};
		FDE3F04818ADF305009DA181 /* Supporting Files */ = {
			isa = PBXGroup;
			children = (
				FDE3F04918ADF305009DA181 /* FashionTests-Info.plist */,
				FDE3F04A18ADF305009DA181 /* InfoPlist.strings */,
			);
			name = "Supporting Files";
			sourceTree = "<group>";
		};
		FDE3F05A18ADF631009DA181 /* AFNetworking */ = {
			isa = PBXGroup;
			children = (
				FDE3F05B18ADF631009DA181 /* AFHTTPRequestOperation.h */,
				FDE3F05C18ADF631009DA181 /* AFHTTPRequestOperation.m */,
				FDE3F05D18ADF631009DA181 /* AFHTTPRequestOperationManager.h */,
				FDE3F05E18ADF631009DA181 /* AFHTTPRequestOperationManager.m */,
				FDE3F05F18ADF631009DA181 /* AFHTTPSessionManager.h */,
				FDE3F06018ADF631009DA181 /* AFHTTPSessionManager.m */,
				FDE3F06118ADF631009DA181 /* AFNetworking.h */,
				FDE3F06218ADF631009DA181 /* AFNetworkReachabilityManager.h */,
				FDE3F06318ADF631009DA181 /* AFNetworkReachabilityManager.m */,
				FDE3F06418ADF631009DA181 /* AFSecurityPolicy.h */,
				FDE3F06518ADF631009DA181 /* AFSecurityPolicy.m */,
				FDE3F06618ADF631009DA181 /* AFURLConnectionOperation.h */,
				FDE3F06718ADF631009DA181 /* AFURLConnectionOperation.m */,
				FDE3F06818ADF631009DA181 /* AFURLRequestSerialization.h */,
				FDE3F06918ADF631009DA181 /* AFURLRequestSerialization.m */,
				FDE3F06A18ADF631009DA181 /* AFURLResponseSerialization.h */,
				FDE3F06B18ADF631009DA181 /* AFURLResponseSerialization.m */,
				FDE3F06C18ADF631009DA181 /* AFURLSessionManager.h */,
				FDE3F06D18ADF631009DA181 /* AFURLSessionManager.m */,
			);
			path = AFNetworking;
			sourceTree = "<group>";
		};
		FDE3F07718ADF641009DA181 /* UIKit+AFNetworking */ = {
			isa = PBXGroup;
			children = (
				FDE3F07818ADF641009DA181 /* AFNetworkActivityIndicatorManager.h */,
				FDE3F07918ADF641009DA181 /* AFNetworkActivityIndicatorManager.m */,
				FDE3F07A18ADF641009DA181 /* UIActivityIndicatorView+AFNetworking.h */,
				FDE3F07B18ADF641009DA181 /* UIActivityIndicatorView+AFNetworking.m */,
				FDE3F07C18ADF641009DA181 /* UIAlertView+AFNetworking.h */,
				FDE3F07D18ADF641009DA181 /* UIAlertView+AFNetworking.m */,
				FDE3F07E18ADF641009DA181 /* UIButton+AFNetworking.h */,
				FDE3F07F18ADF641009DA181 /* UIButton+AFNetworking.m */,
				FDE3F08018ADF641009DA181 /* UIImageView+AFNetworking.h */,
				FDE3F08118ADF641009DA181 /* UIImageView+AFNetworking.m */,
				FDE3F08218ADF641009DA181 /* UIKit+AFNetworking.h */,
				FDE3F08318ADF641009DA181 /* UIProgressView+AFNetworking.h */,
				FDE3F08418ADF641009DA181 /* UIProgressView+AFNetworking.m */,
				FDE3F08518ADF641009DA181 /* UIRefreshControl+AFNetworking.h */,
				FDE3F08618ADF641009DA181 /* UIRefreshControl+AFNetworking.m */,
				FDE3F08718ADF641009DA181 /* UIWebView+AFNetworking.h */,
				FDE3F08818ADF641009DA181 /* UIWebView+AFNetworking.m */,
			);
			path = "UIKit+AFNetworking";
			sourceTree = "<group>";
		};
/* End PBXGroup section */

/* Begin PBXNativeTarget section */
		FDE3F01B18ADF305009DA181 /* Fashion */ = {
			isa = PBXNativeTarget;
			buildConfigurationList = FDE3F05118ADF305009DA181 /* Build configuration list for PBXNativeTarget "Fashion" */;
			buildPhases = (
				FDE3F01818ADF305009DA181 /* Sources */,
				FDE3F01A18ADF305009DA181 /* Resources */,
				FDE3F01918ADF305009DA181 /* Frameworks */,
			);
			buildRules = (
			);
			dependencies = (
			);
			name = Fashion;
			productName = Fashion;
			productReference = FDE3F01C18ADF305009DA181 /* Fashion.app */;
			productType = "com.apple.product-type.application";
		};
		FDE3F03F18ADF305009DA181 /* FashionTests */ = {
			isa = PBXNativeTarget;
			buildConfigurationList = FDE3F05418ADF305009DA181 /* Build configuration list for PBXNativeTarget "FashionTests" */;
			buildPhases = (
				FDE3F03C18ADF305009DA181 /* Sources */,
				FDE3F03D18ADF305009DA181 /* Frameworks */,
				FDE3F03E18ADF305009DA181 /* Resources */,
			);
			buildRules = (
			);
			dependencies = (
				FDE3F04618ADF305009DA181 /* PBXTargetDependency */,
			);
			name = FashionTests;
			productName = FashionTests;
			productReference = FDE3F04018ADF305009DA181 /* FashionTests.xctest */;
			productType = "com.apple.product-type.bundle.unit-test";
		};
/* End PBXNativeTarget section */

/* Begin PBXProject section */
		FDE3F01418ADF305009DA181 /* Project object */ = {
			isa = PBXProject;
			attributes = {
				LastUpgradeCheck = 0510;
				ORGANIZATIONNAME = "Ralf Cheung";
				TargetAttributes = {
					FDE3F03F18ADF305009DA181 = {
						TestTargetID = FDE3F01B18ADF305009DA181;
					};
				};
			};
			buildConfigurationList = FDE3F01718ADF305009DA181 /* Build configuration list for PBXProject "Fashion" */;
			compatibilityVersion = "Xcode 3.2";
			developmentRegion = English;
			hasScannedForEncodings = 0;
			knownRegions = (
				en,
				Base,
			);
			mainGroup = FDE3F01318ADF305009DA181;
			productRefGroup = FDE3F01D18ADF305009DA181 /* Products */;
			projectDirPath = "";
			projectRoot = "";
			targets = (
				FDE3F01B18ADF305009DA181 /* Fashion */,
				FDE3F03F18ADF305009DA181 /* FashionTests */,
			);
		};
/* End PBXProject section */

/* Begin PBXResourcesBuildPhase section */
		FDE3F01A18ADF305009DA181 /* Resources */ = {
			isa = PBXResourcesBuildPhase;
			buildActionMask = 2147483647;
			files = (
				FD5659A218B43B4100C26887 /* BT2T3788.JPG in Resources */,
				FDE3F03618ADF305009DA181 /* Main_iPad.storyboard in Resources */,
				FDE3F03B18ADF305009DA181 /* Images.xcassets in Resources */,
				FDB1BCC218B49B000083697C /* IMGL8036.jpg in Resources */,
				FDE3F03318ADF305009DA181 /* Main_iPhone.storyboard in Resources */,
				FDE3F02A18ADF305009DA181 /* InfoPlist.strings in Resources */,
			);
			runOnlyForDeploymentPostprocessing = 0;
		};
		FDE3F03E18ADF305009DA181 /* Resources */ = {
			isa = PBXResourcesBuildPhase;
			buildActionMask = 2147483647;
			files = (
				FDE3F04C18ADF305009DA181 /* InfoPlist.strings in Resources */,
			);
			runOnlyForDeploymentPostprocessing = 0;
		};
/* End PBXResourcesBuildPhase section */

/* Begin PBXSourcesBuildPhase section */
		FDE3F01818ADF305009DA181 /* Sources */ = {
			isa = PBXSourcesBuildPhase;
			buildActionMask = 2147483647;
			files = (
				FDE3F08E18ADF641009DA181 /* UIProgressView+AFNetworking.m in Sources */,
				FDE3F08C18ADF641009DA181 /* UIButton+AFNetworking.m in Sources */,
				FDE3F08F18ADF641009DA181 /* UIRefreshControl+AFNetworking.m in Sources */,
				FDE3F08B18ADF641009DA181 /* UIAlertView+AFNetworking.m in Sources */,
				FDE3F03918ADF305009DA181 /* ViewController.m in Sources */,
				FDE3F07218ADF631009DA181 /* AFSecurityPolicy.m in Sources */,
				FDE3F05918ADF38F009DA181 /* FBLogin.m in Sources */,
				FDE3F06F18ADF631009DA181 /* AFHTTPRequestOperationManager.m in Sources */,
				FDE3F07318ADF631009DA181 /* AFURLConnectionOperation.m in Sources */,
				FDE3F08D18ADF641009DA181 /* UIImageView+AFNetworking.m in Sources */,
				FDE3F06E18ADF631009DA181 /* AFHTTPRequestOperation.m in Sources */,
				FDE3F08A18ADF641009DA181 /* UIActivityIndicatorView+AFNetworking.m in Sources */,
				FDE3F03018ADF305009DA181 /* AppDelegate.m in Sources */,
				FDE3F07418ADF631009DA181 /* AFURLRequestSerialization.m in Sources */,
				FDE3F07018ADF631009DA181 /* AFHTTPSessionManager.m in Sources */,
				FDE3F07118ADF631009DA181 /* AFNetworkReachabilityManager.m in Sources */,
				FDE3F07518ADF631009DA181 /* AFURLResponseSerialization.m in Sources */,
				FDE3F09018ADF641009DA181 /* UIWebView+AFNetworking.m in Sources */,
				FDE3F07618ADF631009DA181 /* AFURLSessionManager.m in Sources */,
				FDE3F08918ADF641009DA181 /* AFNetworkActivityIndicatorManager.m in Sources */,
				FDE3F02C18ADF305009DA181 /* main.m in Sources */,
			);
			runOnlyForDeploymentPostprocessing = 0;
		};
		FDE3F03C18ADF305009DA181 /* Sources */ = {
			isa = PBXSourcesBuildPhase;
			buildActionMask = 2147483647;
			files = (
				FDE3F04E18ADF305009DA181 /* FashionTests.m in Sources */,
			);
			runOnlyForDeploymentPostprocessing = 0;
		};
/* End PBXSourcesBuildPhase section */

/* Begin PBXTargetDependency section */
		FDE3F04618ADF305009DA181 /* PBXTargetDependency */ = {
			isa = PBXTargetDependency;
			target = FDE3F01B18ADF305009DA181 /* Fashion */;
			targetProxy = FDE3F04518ADF305009DA181 /* PBXContainerItemProxy */;
		};
/* End PBXTargetDependency section */

/* Begin PBXVariantGroup section */
		FDE3F02818ADF305009DA181 /* InfoPlist.strings */ = {
			isa = PBXVariantGroup;
			children = (
				FDE3F02918ADF305009DA181 /* en */,
			);
			name = InfoPlist.strings;
			sourceTree = "<group>";
		};
		FDE3F03118ADF305009DA181 /* Main_iPhone.storyboard */ = {
			isa = PBXVariantGroup;
			children = (
				FDE3F03218ADF305009DA181 /* Base */,
			);
			name = Main_iPhone.storyboard;
			sourceTree = "<group>";
		};
		FDE3F03418ADF305009DA181 /* Main_iPad.storyboard */ = {
			isa = PBXVariantGroup;
			children = (
				FDE3F03518ADF305009DA181 /* Base */,
			);
			name = Main_iPad.storyboard;
			sourceTree = "<group>";
		};
		FDE3F04A18ADF305009DA181 /* InfoPlist.strings */ = {
			isa = PBXVariantGroup;
			children = (
				FDE3F04B18ADF305009DA181 /* en */,
			);
			name = InfoPlist.strings;
			sourceTree = "<group>";
		};
/* End PBXVariantGroup section */

/* Begin XCBuildConfiguration section */
		FDE3F04F18ADF305009DA181 /* Debug */ = {
			isa = XCBuildConfiguration;
			buildSettings = {
				ALWAYS_SEARCH_USER_PATHS = NO;
				ARCHS = "$(ARCHS_STANDARD_INCLUDING_64_BIT)";
				CLANG_CXX_LANGUAGE_STANDARD = "gnu++0x";
				CLANG_CXX_LIBRARY = "libc++";
				CLANG_ENABLE_MODULES = YES;
				CLANG_ENABLE_OBJC_ARC = YES;
				CLANG_WARN_BOOL_CONVERSION = YES;
				CLANG_WARN_CONSTANT_CONVERSION = YES;
				CLANG_WARN_DIRECT_OBJC_ISA_USAGE = YES_ERROR;
				CLANG_WARN_EMPTY_BODY = YES;
				CLANG_WARN_ENUM_CONVERSION = YES;
				CLANG_WARN_INT_CONVERSION = YES;
				CLANG_WARN_OBJC_ROOT_CLASS = YES_ERROR;
				CLANG_WARN__DUPLICATE_METHOD_MATCH = YES;
				"CODE_SIGN_IDENTITY[sdk=iphoneos*]" = "iPhone Developer";
				COPY_PHASE_STRIP = NO;
				GCC_C_LANGUAGE_STANDARD = gnu99;
				GCC_DYNAMIC_NO_PIC = NO;
				GCC_OPTIMIZATION_LEVEL = 0;
				GCC_PREPROCESSOR_DEFINITIONS = (
					"DEBUG=1",
					"$(inherited)",
				);
				GCC_SYMBOLS_PRIVATE_EXTERN = NO;
				GCC_WARN_64_TO_32_BIT_CONVERSION = YES;
				GCC_WARN_ABOUT_RETURN_TYPE = YES_ERROR;
				GCC_WARN_UNDECLARED_SELECTOR = YES;
				GCC_WARN_UNINITIALIZED_AUTOS = YES_AGGRESSIVE;
				GCC_WARN_UNUSED_FUNCTION = YES;
				GCC_WARN_UNUSED_VARIABLE = YES;
				IPHONEOS_DEPLOYMENT_TARGET = 7.1;
				ONLY_ACTIVE_ARCH = YES;
				SDKROOT = iphoneos;
				TARGETED_DEVICE_FAMILY = "1,2";
			};
			name = Debug;
		};
		FDE3F05018ADF305009DA181 /* Release */ = {
			isa = XCBuildConfiguration;
			buildSettings = {
				ALWAYS_SEARCH_USER_PATHS = NO;
				ARCHS = "$(ARCHS_STANDARD_INCLUDING_64_BIT)";
				CLANG_CXX_LANGUAGE_STANDARD = "gnu++0x";
				CLANG_CXX_LIBRARY = "libc++";
				CLANG_ENABLE_MODULES = YES;
				CLANG_ENABLE_OBJC_ARC = YES;
				CLANG_WARN_BOOL_CONVERSION = YES;
				CLANG_WARN_CONSTANT_CONVERSION = YES;
				CLANG_WARN_DIRECT_OBJC_ISA_USAGE = YES_ERROR;
				CLANG_WARN_EMPTY_BODY = YES;
				CLANG_WARN_ENUM_CONVERSION = YES;
				CLANG_WARN_INT_CONVERSION = YES;
				CLANG_WARN_OBJC_ROOT_CLASS = YES_ERROR;
				CLANG_WARN__DUPLICATE_METHOD_MATCH = YES;
				"CODE_SIGN_IDENTITY[sdk=iphoneos*]" = "iPhone Developer";
				COPY_PHASE_STRIP = YES;
				ENABLE_NS_ASSERTIONS = NO;
				GCC_C_LANGUAGE_STANDARD = gnu99;
				GCC_WARN_64_TO_32_BIT_CONVERSION = YES;
				GCC_WARN_ABOUT_RETURN_TYPE = YES_ERROR;
				GCC_WARN_UNDECLARED_SELECTOR = YES;
				GCC_WARN_UNINITIALIZED_AUTOS = YES_AGGRESSIVE;
				GCC_WARN_UNUSED_FUNCTION = YES;
				GCC_WARN_UNUSED_VARIABLE = YES;
				IPHONEOS_DEPLOYMENT_TARGET = 7.1;
				SDKROOT = iphoneos;
				TARGETED_DEVICE_FAMILY = "1,2";
				VALIDATE_PRODUCT = YES;
			};
			name = Release;
		};
		FDE3F05218ADF305009DA181 /* Debug */ = {
			isa = XCBuildConfiguration;
			buildSettings = {
				ASSETCATALOG_COMPILER_APPICON_NAME = AppIcon;
				ASSETCATALOG_COMPILER_LAUNCHIMAGE_NAME = LaunchImage;
				FRAMEWORK_SEARCH_PATHS = (
					"$(inherited)",
					/Users/ralfcheung/Documents/FacebookSDK,
				);
				GCC_PRECOMPILE_PREFIX_HEADER = YES;
				GCC_PREFIX_HEADER = "Fashion/Fashion-Prefix.pch";
				INFOPLIST_FILE = "Fashion/Fashion-Info.plist";
				PRODUCT_NAME = "$(TARGET_NAME)";
				WRAPPER_EXTENSION = app;
			};
			name = Debug;
		};
		FDE3F05318ADF305009DA181 /* Release */ = {
			isa = XCBuildConfiguration;
			buildSettings = {
				ASSETCATALOG_COMPILER_APPICON_NAME = AppIcon;
				ASSETCATALOG_COMPILER_LAUNCHIMAGE_NAME = LaunchImage;
				FRAMEWORK_SEARCH_PATHS = (
					"$(inherited)",
					/Users/ralfcheung/Documents/FacebookSDK,
				);
				GCC_PRECOMPILE_PREFIX_HEADER = YES;
				GCC_PREFIX_HEADER = "Fashion/Fashion-Prefix.pch";
				INFOPLIST_FILE = "Fashion/Fashion-Info.plist";
				PRODUCT_NAME = "$(TARGET_NAME)";
				WRAPPER_EXTENSION = app;
			};
			name = Release;
		};
		FDE3F05518ADF305009DA181 /* Debug */ = {
			isa = XCBuildConfiguration;
			buildSettings = {
				ARCHS = "$(ARCHS_STANDARD_INCLUDING_64_BIT)";
				BUNDLE_LOADER = "$(BUILT_PRODUCTS_DIR)/Fashion.app/Fashion";
				FRAMEWORK_SEARCH_PATHS = (
					"$(SDKROOT)/Developer/Library/Frameworks",
					"$(inherited)",
					"$(DEVELOPER_FRAMEWORKS_DIR)",
				);
				GCC_PRECOMPILE_PREFIX_HEADER = YES;
				GCC_PREFIX_HEADER = "Fashion/Fashion-Prefix.pch";
				GCC_PREPROCESSOR_DEFINITIONS = (
					"DEBUG=1",
					"$(inherited)",
				);
				INFOPLIST_FILE = "FashionTests/FashionTests-Info.plist";
				PRODUCT_NAME = "$(TARGET_NAME)";
				TEST_HOST = "$(BUNDLE_LOADER)";
				WRAPPER_EXTENSION = xctest;
			};
			name = Debug;
		};
		FDE3F05618ADF305009DA181 /* Release */ = {
			isa = XCBuildConfiguration;
			buildSettings = {
				ARCHS = "$(ARCHS_STANDARD_INCLUDING_64_BIT)";
				BUNDLE_LOADER = "$(BUILT_PRODUCTS_DIR)/Fashion.app/Fashion";
				FRAMEWORK_SEARCH_PATHS = (
					"$(SDKROOT)/Developer/Library/Frameworks",
					"$(inherited)",
					"$(DEVELOPER_FRAMEWORKS_DIR)",
				);
				GCC_PRECOMPILE_PREFIX_HEADER = YES;
				GCC_PREFIX_HEADER = "Fashion/Fashion-Prefix.pch";
				INFOPLIST_FILE = "FashionTests/FashionTests-Info.plist";
				PRODUCT_NAME = "$(TARGET_NAME)";
				TEST_HOST = "$(BUNDLE_LOADER)";
				WRAPPER_EXTENSION = xctest;
			};
			name = Release;
		};
/* End XCBuildConfiguration section */

/* Begin XCConfigurationList section */
		FDE3F01718ADF305009DA181 /* Build configuration list for PBXProject "Fashion" */ = {
			isa = XCConfigurationList;
			buildConfigurations = (
				FDE3F04F18ADF305009DA181 /* Debug */,
				FDE3F05018ADF305009DA181 /* Release */,
			);
			defaultConfigurationIsVisible = 0;
			defaultConfigurationName = Release;
		};
		FDE3F05118ADF305009DA181 /* Build configuration list for PBXNativeTarget "Fashion" */ = {
			isa = XCConfigurationList;
			buildConfigurations = (
				FDE3F05218ADF305009DA181 /* Debug */,
				FDE3F05318ADF305009DA181 /* Release */,
			);
			defaultConfigurationIsVisible = 0;
			defaultConfigurationName = Release;
		};
		FDE3F05418ADF305009DA181 /* Build configuration list for PBXNativeTarget "FashionTests" */ = {
			isa = XCConfigurationList;
			buildConfigurations = (
				FDE3F05518ADF305009DA181 /* Debug */,
				FDE3F05618ADF305009DA181 /* Release */,
			);
			defaultConfigurationIsVisible = 0;
			defaultConfigurationName = Release;
		};
/* End XCConfigurationList section */
	};
	rootObject = FDE3F01418ADF305009DA181 /* Project object */;
}
